
Microsoft Visual Studio Solution File, Format Version 12.00
# Visual Studio Version 16
VisualStudioVersion = 16.0.29613.14
MinimumVisualStudioVersion = 10.0.40219.1
Project("{8BC9CEB8-8B4A-11D0-8D11-00A0C91BC942}") = "PhoneBookApp", "PhoneBookApp.vcxproj", "{9A1F46CC-16DB-4DB3-AC1F-0B68D913B06F}"
EndProject
Global
	GlobalSection(SolutionConfigurationPlatforms) = preSolution
		Debug|x64 = Debug|x64
		Debug|x86 = Debug|x86
		Release|x64 = Release|x64
		Release|x86 = Release|x86
	EndGlobalSection
	GlobalSection(ProjectConfigurationPlatforms) = postSolution
		{9A1F46CC-16DB-4DB3-AC1F-0B68D913B06F}.Debug|x64.ActiveCfg = Debug|x64
		{9A1F46CC-16DB-4DB3-AC1F-0B68D913B06F}.Debug|x64.Build.0 = Debug|x64
		{9A1F46CC-16DB-4DB3-AC1F-0B68D913B06F}.Debug|x86.ActiveCfg = Debug|Win32
		{9A1F46CC-16DB-4DB3-AC1F-0B68D913B06F}.Debug|x86.Build.0 = Debug|Win32
		{9A1F46CC-16DB-4DB3-AC1F-0B68D913B06F}.Release|x64.ActiveCfg = Release|x64
		{9A1F46CC-16DB-4DB3-AC1F-0B68D913B06F}.Release|x64.Build.0 = Release|x64
		{9A1F46CC-16DB-4DB3-AC1F-0B68D913B06F}.Release|x86.ActiveCfg = Release|Win32
		{9A1F46CC-16DB-4DB3-AC1F-0B68D913B06F}.Release|x86.Build.0 = Release|Win32
	EndGlobalSection
	GlobalSection(SolutionProperties) = preSolution
		HideSolutionNode = FALSE
	EndGlobalSection
	GlobalSection(ExtensibilityGlobals) = postSolution
		SolutionGuid = {F2C8A7A3-A086-4AB4-9EB0-0110CDE56E46}
	EndGlobalSection
EndGlobal
