
Microsoft Visual Studio Solution File, Format Version 12.00
# Visual Studio Version 16
VisualStudioVersion = 16.0.29613.14
MinimumVisualStudioVersion = 10.0.40219.1
Project("{8BC9CEB8-8B4A-11D0-8D11-00A0C91BC942}") = "HomeworhFirstApp", "Homework3.vcxproj", "{3865BA7E-19B1-454B-8B51-E40AD338AF6D}"
EndProject
Project("{8BC9CEB8-8B4A-11D0-8D11-00A0C91BC942}") = "HomeworkSecondApp", "..\HomeworkSecondApp\HomeworkSecondApp.vcxproj", "{61D4878B-2668-43D1-BC23-F797C39D83BE}"
EndProject
Project("{8BC9CEB8-8B4A-11D0-8D11-00A0C91BC942}") = "HomeworkThirdApp", "..\HomeworkThirdApp\HomeworkThirdApp.vcxproj", "{745BA8CF-D18E-462B-9E14-92002FC1CA61}"
EndProject
Global
	GlobalSection(SolutionConfigurationPlatforms) = preSolution
		Debug|x64 = Debug|x64
		Debug|x86 = Debug|x86
		Release|x64 = Release|x64
		Release|x86 = Release|x86
	EndGlobalSection
	GlobalSection(ProjectConfigurationPlatforms) = postSolution
		{3865BA7E-19B1-454B-8B51-E40AD338AF6D}.Debug|x64.ActiveCfg = Debug|x64
		{3865BA7E-19B1-454B-8B51-E40AD338AF6D}.Debug|x64.Build.0 = Debug|x64
		{3865BA7E-19B1-454B-8B51-E40AD338AF6D}.Debug|x86.ActiveCfg = Debug|Win32
		{3865BA7E-19B1-454B-8B51-E40AD338AF6D}.Debug|x86.Build.0 = Debug|Win32
		{3865BA7E-19B1-454B-8B51-E40AD338AF6D}.Release|x64.ActiveCfg = Release|x64
		{3865BA7E-19B1-454B-8B51-E40AD338AF6D}.Release|x64.Build.0 = Release|x64
		{3865BA7E-19B1-454B-8B51-E40AD338AF6D}.Release|x86.ActiveCfg = Release|Win32
		{3865BA7E-19B1-454B-8B51-E40AD338AF6D}.Release|x86.Build.0 = Release|Win32
		{61D4878B-2668-43D1-BC23-F797C39D83BE}.Debug|x64.ActiveCfg = Debug|x64
		{61D4878B-2668-43D1-BC23-F797C39D83BE}.Debug|x64.Build.0 = Debug|x64
		{61D4878B-2668-43D1-BC23-F797C39D83BE}.Debug|x86.ActiveCfg = Debug|Win32
		{61D4878B-2668-43D1-BC23-F797C39D83BE}.Debug|x86.Build.0 = Debug|Win32
		{61D4878B-2668-43D1-BC23-F797C39D83BE}.Release|x64.ActiveCfg = Release|x64
		{61D4878B-2668-43D1-BC23-F797C39D83BE}.Release|x64.Build.0 = Release|x64
		{61D4878B-2668-43D1-BC23-F797C39D83BE}.Release|x86.ActiveCfg = Release|Win32
		{61D4878B-2668-43D1-BC23-F797C39D83BE}.Release|x86.Build.0 = Release|Win32
		{745BA8CF-D18E-462B-9E14-92002FC1CA61}.Debug|x64.ActiveCfg = Debug|x64
		{745BA8CF-D18E-462B-9E14-92002FC1CA61}.Debug|x64.Build.0 = Debug|x64
		{745BA8CF-D18E-462B-9E14-92002FC1CA61}.Debug|x86.ActiveCfg = Debug|Win32
		{745BA8CF-D18E-462B-9E14-92002FC1CA61}.Debug|x86.Build.0 = Debug|Win32
		{745BA8CF-D18E-462B-9E14-92002FC1CA61}.Release|x64.ActiveCfg = Release|x64
		{745BA8CF-D18E-462B-9E14-92002FC1CA61}.Release|x64.Build.0 = Release|x64
		{745BA8CF-D18E-462B-9E14-92002FC1CA61}.Release|x86.ActiveCfg = Release|Win32
		{745BA8CF-D18E-462B-9E14-92002FC1CA61}.Release|x86.Build.0 = Release|Win32
	EndGlobalSection
	GlobalSection(SolutionProperties) = preSolution
		HideSolutionNode = FALSE
	EndGlobalSection
	GlobalSection(ExtensibilityGlobals) = postSolution
		SolutionGuid = {CABEFAE5-A94D-4D5D-924B-5A416AA910BF}
	EndGlobalSection
EndGlobal
