
Microsoft Visual Studio Solution File, Format Version 12.00
# Visual Studio Version 16
VisualStudioVersion = 16.0.29613.14
MinimumVisualStudioVersion = 10.0.40219.1
Project("{8BC9CEB8-8B4A-11D0-8D11-00A0C91BC942}") = "Task2", "Task2.vcxproj", "{B5A8E7A9-CB16-4EB6-80A5-6D0CDF99C7AA}"
EndProject
Global
	GlobalSection(SolutionConfigurationPlatforms) = preSolution
		Debug|x64 = Debug|x64
		Debug|x86 = Debug|x86
		Release|x64 = Release|x64
		Release|x86 = Release|x86
	EndGlobalSection
	GlobalSection(ProjectConfigurationPlatforms) = postSolution
		{B5A8E7A9-CB16-4EB6-80A5-6D0CDF99C7AA}.Debug|x64.ActiveCfg = Debug|x64
		{B5A8E7A9-CB16-4EB6-80A5-6D0CDF99C7AA}.Debug|x64.Build.0 = Debug|x64
		{B5A8E7A9-CB16-4EB6-80A5-6D0CDF99C7AA}.Debug|x86.ActiveCfg = Debug|Win32
		{B5A8E7A9-CB16-4EB6-80A5-6D0CDF99C7AA}.Debug|x86.Build.0 = Debug|Win32
		{B5A8E7A9-CB16-4EB6-80A5-6D0CDF99C7AA}.Release|x64.ActiveCfg = Release|x64
		{B5A8E7A9-CB16-4EB6-80A5-6D0CDF99C7AA}.Release|x64.Build.0 = Release|x64
		{B5A8E7A9-CB16-4EB6-80A5-6D0CDF99C7AA}.Release|x86.ActiveCfg = Release|Win32
		{B5A8E7A9-CB16-4EB6-80A5-6D0CDF99C7AA}.Release|x86.Build.0 = Release|Win32
	EndGlobalSection
	GlobalSection(SolutionProperties) = preSolution
		HideSolutionNode = FALSE
	EndGlobalSection
	GlobalSection(ExtensibilityGlobals) = postSolution
		SolutionGuid = {12C48DD4-9A02-419A-A438-2D417371459F}
	EndGlobalSection
EndGlobal
